
Microsoft Visual Studio Solution File, Format Version 12.00
# Visual Studio Version 17
VisualStudioVersion = 17.0.32112.339
MinimumVisualStudioVersion = 10.0.40219.1
Project("{FAE04EC0-301F-11D3-BF4B-00C04F79EFBC}") = "SqlConnect", "SqlConnect\SqlConnect.csproj", "{9F20B184-1004-4F4C-8A0C-FB2A6587CC78}"
EndProject
Global
	GlobalSection(SolutionConfigurationPlatforms) = preSolution
		Debug|Any CPU = Debug|Any CPU
		Release|Any CPU = Release|Any CPU
	EndGlobalSection
	GlobalSection(ProjectConfigurationPlatforms) = postSolution
		{9F20B184-1004-4F4C-8A0C-FB2A6587CC78}.Debug|Any CPU.ActiveCfg = Debug|Any CPU
		{9F20B184-1004-4F4C-8A0C-FB2A6587CC78}.Debug|Any CPU.Build.0 = Debug|Any CPU
		{9F20B184-1004-4F4C-8A0C-FB2A6587CC78}.Release|Any CPU.ActiveCfg = Release|Any CPU
		{9F20B184-1004-4F4C-8A0C-FB2A6587CC78}.Release|Any CPU.Build.0 = Release|Any CPU
	EndGlobalSection
	GlobalSection(SolutionProperties) = preSolution
		HideSolutionNode = FALSE
	EndGlobalSection
	GlobalSection(ExtensibilityGlobals) = postSolution
		SolutionGuid = {B847294B-8F3A-487D-A8D9-5E0F76150B90}
	EndGlobalSection
EndGlobal
